
Microsoft Visual Studio Solution File, Format Version 12.00
# Visual Studio Version 17
VisualStudioVersion = 17.5.33530.505
MinimumVisualStudioVersion = 10.0.40219.1
Project("{8BC9CEB8-8B4A-11D0-8D11-00A0C91BC942}") = "bxt-demotimer", "bxt-demotimer.vcxproj", "{1DCD813A-1C31-4FCF-8216-B9EEABBEC55B}"
EndProject
Global
	GlobalSection(SolutionConfigurationPlatforms) = preSolution
		Debug|x64 = Debug|x64
		Debug|x86 = Debug|x86
		Release|x64 = Release|x64
		Release|x86 = Release|x86
	EndGlobalSection
	GlobalSection(ProjectConfigurationPlatforms) = postSolution
		{1DCD813A-1C31-4FCF-8216-B9EEABBEC55B}.Debug|x64.ActiveCfg = Debug|x64
		{1DCD813A-1C31-4FCF-8216-B9EEABBEC55B}.Debug|x64.Build.0 = Debug|x64
		{1DCD813A-1C31-4FCF-8216-B9EEABBEC55B}.Debug|x86.ActiveCfg = Debug|Win32
		{1DCD813A-1C31-4FCF-8216-B9EEABBEC55B}.Debug|x86.Build.0 = Debug|Win32
		{1DCD813A-1C31-4FCF-8216-B9EEABBEC55B}.Release|x64.ActiveCfg = Release|x64
		{1DCD813A-1C31-4FCF-8216-B9EEABBEC55B}.Release|x64.Build.0 = Release|x64
		{1DCD813A-1C31-4FCF-8216-B9EEABBEC55B}.Release|x86.ActiveCfg = Release|Win32
		{1DCD813A-1C31-4FCF-8216-B9EEABBEC55B}.Release|x86.Build.0 = Release|Win32
	EndGlobalSection
	GlobalSection(SolutionProperties) = preSolution
		HideSolutionNode = FALSE
	EndGlobalSection
	GlobalSection(ExtensibilityGlobals) = postSolution
		SolutionGuid = {3DF2F894-4D92-4BCA-BDFE-E82689961087}
	EndGlobalSection
EndGlobal
